{
	"name": "@pm-kit/card",
	"version": "2.0.1",
	"lockfileVersion": 1,
	"requires": true,
	"dependencies": {
		"@emotion/is-prop-valid": {
			"version": "0.8.6",
			"resolved": "https://registry.npmjs.org/@emotion/is-prop-valid/-/is-prop-valid-0.8.6.tgz",
			"integrity": "sha512-mnZMho3Sq8BfzkYYRVc8ilQTnc8U02Ytp6J1AwM6taQStZ3AhsEJBX2LzhA/LJirNCwM2VtHL3VFIZ+sNJUgUQ==",
			"optional": true,
			"requires": {
				"@emotion/memoize": "0.7.4"
			}
		},
		"@emotion/memoize": {
			"version": "0.7.4",
			"resolved": "https://registry.npmjs.org/@emotion/memoize/-/memoize-0.7.4.tgz",
			"integrity": "sha512-Ja/Vfqe3HpuzRsG1oBtWTHk2PGZ7GR+2Vz5iYGelAw8dx32K0y7PjVuxK6z1nMpZOqAFsRUPCkK1YjJ56qJlgw==",
			"optional": true
		},
		"@pm-kit/colours": {
			"version": "1.1.0",
			"resolved": "https://registry.npmjs.org/@pm-kit/colours/-/colours-1.1.0.tgz",
			"integrity": "sha512-LPAe/sxKbNc1+eDtcgpc6Mq/dUsTS4tJd3YkJylghzbYMcJN78871hmc3PmVMhx7IU2oZ/Tvv4xGaJE2pM0iIA=="
		},
		"@pm-kit/paragraph": {
			"version": "1.0.1",
			"resolved": "https://registry.npmjs.org/@pm-kit/paragraph/-/paragraph-1.0.1.tgz",
			"integrity": "sha512-akTFIs/DFT/Bo8esst2P4GyUQ7/bcMEKJz3OkkkGezJhzqZCO9KSAOHqLOpYIech4GFdNP7g2ckQPS8cBTS54w==",
			"requires": {
				"@pm-kit/colours": "^1.1.0",
				"@pm-kit/typography": "^1.0.0",
				"prop-types": "^15.7.2"
			}
		},
		"@pm-kit/typography": {
			"version": "1.0.0",
			"resolved": "https://registry.npmjs.org/@pm-kit/typography/-/typography-1.0.0.tgz",
			"integrity": "sha512-5MpP4HU8guR+oR1FvQhXOda3jCyxJGcHXztZfgDrQb/Uxui7oJsWAXbO/IODE4VK1h1wyKWPpEgcCx+UNKtFDA=="
		},
		"@popmotion/easing": {
			"version": "1.0.2",
			"resolved": "https://registry.npmjs.org/@popmotion/easing/-/easing-1.0.2.tgz",
			"integrity": "sha512-IkdW0TNmRnWTeWI7aGQIVDbKXPWHVEYdGgd5ZR4SH/Ty/61p63jCjrPxX1XrR7IGkl08bjhJROStD7j+RKgoIw=="
		},
		"@popmotion/popcorn": {
			"version": "0.4.4",
			"resolved": "https://registry.npmjs.org/@popmotion/popcorn/-/popcorn-0.4.4.tgz",
			"integrity": "sha512-jYO/8319fKoNLMlY4ZJPiPu8Ea8occYwRZhxpaNn/kZsK4QG2E7XFlXZMJBsTWDw7I1i0uaqyC4zn1nwEezLzg==",
			"requires": {
				"@popmotion/easing": "^1.0.1",
				"framesync": "^4.0.1",
				"hey-listen": "^1.0.8",
				"style-value-types": "^3.1.7",
				"tslib": "^1.10.0"
			}
		},
		"framer-motion": {
			"version": "1.7.0",
			"resolved": "https://registry.npmjs.org/framer-motion/-/framer-motion-1.7.0.tgz",
			"integrity": "sha512-bE1aWkX0AKgmxMjFnAcXZ1d47TcuKugLn3D5cHvZcQwBiDPJuKD1WzwdTaDb7EHc+vbiWfBgMbECWxQFb9di5g==",
			"requires": {
				"@emotion/is-prop-valid": "^0.8.2",
				"@popmotion/easing": "^1.0.2",
				"@popmotion/popcorn": "^0.4.2",
				"framesync": "^4.0.4",
				"hey-listen": "^1.0.8",
				"popmotion": "9.0.0-beta-8",
				"style-value-types": "^3.1.6",
				"stylefire": "^7.0.0",
				"tslib": "^1.10.0"
			}
		},
		"framesync": {
			"version": "4.0.4",
			"resolved": "https://registry.npmjs.org/framesync/-/framesync-4.0.4.tgz",
			"integrity": "sha512-mdP0WvVHe0/qA62KG2LFUAOiWLng5GLpscRlwzBxu2VXOp6B8hNs5C5XlFigsMgrfDrr2YbqTsgdWZTc4RXRMQ==",
			"requires": {
				"hey-listen": "^1.0.8",
				"tslib": "^1.10.0"
			}
		},
		"hey-listen": {
			"version": "1.0.8",
			"resolved": "https://registry.npmjs.org/hey-listen/-/hey-listen-1.0.8.tgz",
			"integrity": "sha512-COpmrF2NOg4TBWUJ5UVyaCU2A88wEMkUPK4hNqyCkqHbxT92BbvfjoSozkAIIm6XhicGlJHhFdullInrdhwU8Q=="
		},
		"js-tokens": {
			"version": "4.0.0",
			"resolved": "https://registry.npmjs.org/js-tokens/-/js-tokens-4.0.0.tgz",
			"integrity": "sha512-RdJUflcE3cUzKiMqQgsCu06FPu9UdIJO0beYbPhHN4k6apgJtifcoCtT9bcxOpYBtpD2kCM6Sbzg4CausW/PKQ=="
		},
		"loose-envify": {
			"version": "1.4.0",
			"resolved": "https://registry.npmjs.org/loose-envify/-/loose-envify-1.4.0.tgz",
			"integrity": "sha512-lyuxPGr/Wfhrlem2CL/UcnUc1zcqKAImBDzukY7Y5F/yQiNdko6+fRLevlw1HgMySw7f611UIY408EtxRSoK3Q==",
			"requires": {
				"js-tokens": "^3.0.0 || ^4.0.0"
			}
		},
		"object-assign": {
			"version": "4.1.1",
			"resolved": "https://registry.npmjs.org/object-assign/-/object-assign-4.1.1.tgz",
			"integrity": "sha1-IQmtx5ZYh8/AXLvUQsrIv7s2CGM="
		},
		"popmotion": {
			"version": "9.0.0-beta-8",
			"resolved": "https://registry.npmjs.org/popmotion/-/popmotion-9.0.0-beta-8.tgz",
			"integrity": "sha512-6eQzqursPvnP7ePvdfPeY4wFHmS3OLzNP8rJRvmfFfEIfpFqrQgLsM50Gd9AOvGKJtYJOFknNG+dsnzCpgIdAA==",
			"requires": {
				"@popmotion/easing": "^1.0.1",
				"@popmotion/popcorn": "^0.4.2",
				"framesync": "^4.0.4",
				"hey-listen": "^1.0.8",
				"style-value-types": "^3.1.6",
				"tslib": "^1.10.0"
			}
		},
		"prop-types": {
			"version": "15.7.2",
			"resolved": "https://registry.npmjs.org/prop-types/-/prop-types-15.7.2.tgz",
			"integrity": "sha512-8QQikdH7//R2vurIJSutZ1smHYTcLpRWEOlHnzcWHmBYrOGUysKwSsrC89BCiFj3CbrfJ/nXFdJepOVrY1GCHQ==",
			"requires": {
				"loose-envify": "^1.4.0",
				"object-assign": "^4.1.1",
				"react-is": "^16.8.1"
			}
		},
		"react-is": {
			"version": "16.12.0",
			"resolved": "https://registry.npmjs.org/react-is/-/react-is-16.12.0.tgz",
			"integrity": "sha512-rPCkf/mWBtKc97aLL9/txD8DZdemK0vkA3JMLShjlJB3Pj3s+lpf1KaBzMfQrAmhMQB0n1cU/SUGgKKBCe837Q=="
		},
		"style-value-types": {
			"version": "3.1.7",
			"resolved": "https://registry.npmjs.org/style-value-types/-/style-value-types-3.1.7.tgz",
			"integrity": "sha512-jPaG5HcAPs3vetSwOJozrBXxuHo9tjZVnbRyBjxqb00c2saIoeuBJc1/2MtvB8eRZy41u/BBDH0CpfzWixftKg==",
			"requires": {
				"hey-listen": "^1.0.8",
				"tslib": "^1.10.0"
			}
		},
		"stylefire": {
			"version": "7.0.1",
			"resolved": "https://registry.npmjs.org/stylefire/-/stylefire-7.0.1.tgz",
			"integrity": "sha512-xp7hGiK5xyX7xINQI7qWagcLMyS6aLLbP2kMA3DTS4X31uPI3M7IyOm9TPmXwaMKG9fJ2Cgo4F2okcNB6nzxKQ==",
			"requires": {
				"@popmotion/popcorn": "^0.4.4",
				"framesync": "^4.0.0",
				"hey-listen": "^1.0.8",
				"style-value-types": "^3.1.7",
				"tslib": "^1.10.0"
			}
		},
		"tslib": {
			"version": "1.10.0",
			"resolved": "https://registry.npmjs.org/tslib/-/tslib-1.10.0.tgz",
			"integrity": "sha512-qOebF53frne81cf0S9B41ByenJ3/IuH8yJKngAX35CmiZySA0khhkovshKK+jGCaMnVomla7gVlIcc3EvKPbTQ=="
		}
	}
}
